// !$*UTF8*$!
{
	archiveVersion = 1;
	classes = {
	};
	objectVersion = 56;
	objects = {

/* Begin PBXBuildFile section */
		2F4B84472BC215D20047ABDD /* AccessTokenManagerTests.swift in Sources */ = {isa = PBXBuildFile; fileRef = 2F4B84462BC215D20047ABDD /* AccessTokenManagerTests.swift */; };
		2F60CCFD2A635C5E00B70ED1 /* Details.swift in Sources */ = {isa = PBXBuildFile; fileRef = 2F60CCFC2A635C5E00B70ED1 /* Details.swift */; };
		2F60CD0D2A635C7500B70ED1 /* Coat.swift in Sources */ = {isa = PBXBuildFile; fileRef = 2F60CCFE2A635C7400B70ED1 /* Coat.swift */; };
		2F60CD0E2A635C7500B70ED1 /* AnimalEnvironment.swift in Sources */ = {isa = PBXBuildFile; fileRef = 2F60CCFF2A635C7400B70ED1 /* AnimalEnvironment.swift */; };
		2F60CD0F2A635C7500B70ED1 /* AnimalsContainer.swift in Sources */ = {isa = PBXBuildFile; fileRef = 2F60CD002A635C7400B70ED1 /* AnimalsContainer.swift */; };
		2F60CD102A635C7500B70ED1 /* APIColors.swift in Sources */ = {isa = PBXBuildFile; fileRef = 2F60CD012A635C7400B70ED1 /* APIColors.swift */; };
		2F60CD112A635C7500B70ED1 /* Age.swift in Sources */ = {isa = PBXBuildFile; fileRef = 2F60CD022A635C7400B70ED1 /* Age.swift */; };
		2F60CD122A635C7500B70ED1 /* AdoptionStatus.swift in Sources */ = {isa = PBXBuildFile; fileRef = 2F60CD032A635C7400B70ED1 /* AdoptionStatus.swift */; };
		2F60CD132A635C7500B70ED1 /* Animal.swift in Sources */ = {isa = PBXBuildFile; fileRef = 2F60CD042A635C7400B70ED1 /* Animal.swift */; };
		2F60CD142A635C7500B70ED1 /* Breed.swift in Sources */ = {isa = PBXBuildFile; fileRef = 2F60CD052A635C7500B70ED1 /* Breed.swift */; };
		2F60CD152A635C7500B70ED1 /* PhotoSizes.swift in Sources */ = {isa = PBXBuildFile; fileRef = 2F60CD062A635C7500B70ED1 /* PhotoSizes.swift */; };
		2F60CD162A635C7500B70ED1 /* Gender.swift in Sources */ = {isa = PBXBuildFile; fileRef = 2F60CD072A635C7500B70ED1 /* Gender.swift */; };
		2F60CD172A635C7500B70ED1 /* VideoLink.swift in Sources */ = {isa = PBXBuildFile; fileRef = 2F60CD082A635C7500B70ED1 /* VideoLink.swift */; };
		2F60CD192A635C7500B70ED1 /* AnimalAttributes.swift in Sources */ = {isa = PBXBuildFile; fileRef = 2F60CD0A2A635C7500B70ED1 /* AnimalAttributes.swift */; };
		2F60CD1A2A635C7500B70ED1 /* Pagination.swift in Sources */ = {isa = PBXBuildFile; fileRef = 2F60CD0B2A635C7500B70ED1 /* Pagination.swift */; };
		2F60CD1B2A635C7500B70ED1 /* Size.swift in Sources */ = {isa = PBXBuildFile; fileRef = 2F60CD0C2A635C7500B70ED1 /* Size.swift */; };
		2F60CD1E2A635C9000B70ED1 /* Organization.swift in Sources */ = {isa = PBXBuildFile; fileRef = 2F60CD1D2A635C9000B70ED1 /* Organization.swift */; };
		2F60CD212A635CAD00B70ED1 /* User.swift in Sources */ = {isa = PBXBuildFile; fileRef = 2F60CD202A635CAD00B70ED1 /* User.swift */; };
		2F60CD232A635D7200B70ED1 /* AnimalsMock.swift in Sources */ = {isa = PBXBuildFile; fileRef = 2F60CD222A635D7200B70ED1 /* AnimalsMock.swift */; };
		2F60CD262A635FB300B70ED1 /* AnimalsMock.json in Resources */ = {isa = PBXBuildFile; fileRef = 2F60CD252A635FB300B70ED1 /* AnimalsMock.json */; };
		2F6A4B182B6CD07A00050198 /* APIManagerMock.swift in Sources */ = {isa = PBXBuildFile; fileRef = 2F6A4B172B6CD07A00050198 /* APIManagerMock.swift */; };
		2F6A4B1B2B6CD16D00050198 /* AccessTokenTestHelper.swift in Sources */ = {isa = PBXBuildFile; fileRef = 2F6A4B1A2B6CD16D00050198 /* AccessTokenTestHelper.swift */; };
		2F6A4B1D2B6CD2D500050198 /* AnimalsRequestMock.swift in Sources */ = {isa = PBXBuildFile; fileRef = 2F6A4B1C2B6CD2D500050198 /* AnimalsRequestMock.swift */; };
		2F6A4B1F2B6CD37600050198 /* RequestManagerTest.swift in Sources */ = {isa = PBXBuildFile; fileRef = 2F6A4B1E2B6CD37600050198 /* RequestManagerTest.swift */; };
		2F7321472A4A1604007F36E0 /* BaseProjectApp.swift in Sources */ = {isa = PBXBuildFile; fileRef = 2F7321462A4A1604007F36E0 /* BaseProjectApp.swift */; };
		2F7321492A4A1604007F36E0 /* ContentView.swift in Sources */ = {isa = PBXBuildFile; fileRef = 2F7321482A4A1604007F36E0 /* ContentView.swift */; };
		2F73214B2A4A1605007F36E0 /* Assets.xcassets in Resources */ = {isa = PBXBuildFile; fileRef = 2F73214A2A4A1605007F36E0 /* Assets.xcassets */; };
		2F73214E2A4A1605007F36E0 /* Preview Assets.xcassets in Resources */ = {isa = PBXBuildFile; fileRef = 2F73214D2A4A1605007F36E0 /* Preview Assets.xcassets */; };
		2F73215D2A4A1643007F36E0 /* APIToken.swift in Sources */ = {isa = PBXBuildFile; fileRef = 2F73215C2A4A1643007F36E0 /* APIToken.swift */; };
		2F73215F2A4A164F007F36E0 /* APIConstants.swift in Sources */ = {isa = PBXBuildFile; fileRef = 2F73215E2A4A164F007F36E0 /* APIConstants.swift */; };
		2F7321612A4A165A007F36E0 /* RequestType.swift in Sources */ = {isa = PBXBuildFile; fileRef = 2F7321602A4A165A007F36E0 /* RequestType.swift */; };
		2F7321632A4A1668007F36E0 /* RequestProtocol.swift in Sources */ = {isa = PBXBuildFile; fileRef = 2F7321622A4A1668007F36E0 /* RequestProtocol.swift */; };
		2F7321662A4A1B2A007F36E0 /* NetworkError.swift in Sources */ = {isa = PBXBuildFile; fileRef = 2F7321652A4A1B2A007F36E0 /* NetworkError.swift */; };
		2F7321682A4A21E7007F36E0 /* AnimalRequest.swift in Sources */ = {isa = PBXBuildFile; fileRef = 2F7321672A4A21E7007F36E0 /* AnimalRequest.swift */; };
		2F73216C2A4A2ADE007F36E0 /* AuthTokenRequest.swift in Sources */ = {isa = PBXBuildFile; fileRef = 2F73216B2A4A2ADE007F36E0 /* AuthTokenRequest.swift */; };
		2F73216E2A4A2E21007F36E0 /* AppUserDefaultsKeys.swift in Sources */ = {isa = PBXBuildFile; fileRef = 2F73216D2A4A2E21007F36E0 /* AppUserDefaultsKeys.swift */; };
		2F7321742A4A302F007F36E0 /* DataParser.swift in Sources */ = {isa = PBXBuildFile; fileRef = 2F7321732A4A302F007F36E0 /* DataParser.swift */; };
		2F7321762A4A369F007F36E0 /* RequestManager.swift in Sources */ = {isa = PBXBuildFile; fileRef = 2F7321752A4A369F007F36E0 /* RequestManager.swift */; };
		2F7321782A4A36B7007F36E0 /* APIManager.swift in Sources */ = {isa = PBXBuildFile; fileRef = 2F7321772A4A36B7007F36E0 /* APIManager.swift */; };
		2FC732572BFAB86D00AC251C /* PetSave.xcdatamodeld in Sources */ = {isa = PBXBuildFile; fileRef = 2FC732552BFAB86D00AC251C /* PetSave.xcdatamodeld */; };
		2FC7325A2BFACE4C00AC251C /* Animal+CoreData.swift in Sources */ = {isa = PBXBuildFile; fileRef = 2FC732592BFACE4C00AC251C /* Animal+CoreData.swift */; };
		2FE1C4E32A7E185C00382A53 /* AnimalsNearYouView.swift in Sources */ = {isa = PBXBuildFile; fileRef = 2FE1C4E22A7E185C00382A53 /* AnimalsNearYouView.swift */; };
		2FE485382AE7952500101EF0 /* BaseProjectTests.swift in Sources */ = {isa = PBXBuildFile; fileRef = 2FE485372AE7952500101EF0 /* BaseProjectTests.swift */; };
		2FF291432AA794EE0002176B /* AnimalRow.swift in Sources */ = {isa = PBXBuildFile; fileRef = 2FF291422AA794EE0002176B /* AnimalRow.swift */; };
		2FF291462AA7B2180002176B /* AccessTokenManager.swift in Sources */ = {isa = PBXBuildFile; fileRef = 2FF291452AA7B2180002176B /* AccessTokenManager.swift */; };
/* End PBXBuildFile section */

/* Begin PBXContainerItemProxy section */
		2FE485392AE7952500101EF0 /* PBXContainerItemProxy */ = {
			isa = PBXContainerItemProxy;
			containerPortal = 2F73213B2A4A1604007F36E0 /* Project object */;
			proxyType = 1;
			remoteGlobalIDString = 2F7321422A4A1604007F36E0;
			remoteInfo = BaseProject;
		};
/* End PBXContainerItemProxy section */

/* Begin PBXFileReference section */
		2F4B84462BC215D20047ABDD /* AccessTokenManagerTests.swift */ = {isa = PBXFileReference; lastKnownFileType = sourcecode.swift; path = AccessTokenManagerTests.swift; sourceTree = "<group>"; };
		2F60CCFC2A635C5E00B70ED1 /* Details.swift */ = {isa = PBXFileReference; fileEncoding = 4; lastKnownFileType = sourcecode.swift; path = Details.swift; sourceTree = "<group>"; };
		2F60CCFE2A635C7400B70ED1 /* Coat.swift */ = {isa = PBXFileReference; fileEncoding = 4; lastKnownFileType = sourcecode.swift; path = Coat.swift; sourceTree = "<group>"; };
		2F60CCFF2A635C7400B70ED1 /* AnimalEnvironment.swift */ = {isa = PBXFileReference; fileEncoding = 4; lastKnownFileType = sourcecode.swift; path = AnimalEnvironment.swift; sourceTree = "<group>"; };
		2F60CD002A635C7400B70ED1 /* AnimalsContainer.swift */ = {isa = PBXFileReference; fileEncoding = 4; lastKnownFileType = sourcecode.swift; path = AnimalsContainer.swift; sourceTree = "<group>"; };
		2F60CD012A635C7400B70ED1 /* APIColors.swift */ = {isa = PBXFileReference; fileEncoding = 4; lastKnownFileType = sourcecode.swift; path = APIColors.swift; sourceTree = "<group>"; };
		2F60CD022A635C7400B70ED1 /* Age.swift */ = {isa = PBXFileReference; fileEncoding = 4; lastKnownFileType = sourcecode.swift; path = Age.swift; sourceTree = "<group>"; };
		2F60CD032A635C7400B70ED1 /* AdoptionStatus.swift */ = {isa = PBXFileReference; fileEncoding = 4; lastKnownFileType = sourcecode.swift; path = AdoptionStatus.swift; sourceTree = "<group>"; };
		2F60CD042A635C7400B70ED1 /* Animal.swift */ = {isa = PBXFileReference; fileEncoding = 4; lastKnownFileType = sourcecode.swift; path = Animal.swift; sourceTree = "<group>"; };
		2F60CD052A635C7500B70ED1 /* Breed.swift */ = {isa = PBXFileReference; fileEncoding = 4; lastKnownFileType = sourcecode.swift; path = Breed.swift; sourceTree = "<group>"; };
		2F60CD062A635C7500B70ED1 /* PhotoSizes.swift */ = {isa = PBXFileReference; fileEncoding = 4; lastKnownFileType = sourcecode.swift; path = PhotoSizes.swift; sourceTree = "<group>"; };
		2F60CD072A635C7500B70ED1 /* Gender.swift */ = {isa = PBXFileReference; fileEncoding = 4; lastKnownFileType = sourcecode.swift; path = Gender.swift; sourceTree = "<group>"; };
		2F60CD082A635C7500B70ED1 /* VideoLink.swift */ = {isa = PBXFileReference; fileEncoding = 4; lastKnownFileType = sourcecode.swift; path = VideoLink.swift; sourceTree = "<group>"; };
		2F60CD0A2A635C7500B70ED1 /* AnimalAttributes.swift */ = {isa = PBXFileReference; fileEncoding = 4; lastKnownFileType = sourcecode.swift; path = AnimalAttributes.swift; sourceTree = "<group>"; };
		2F60CD0B2A635C7500B70ED1 /* Pagination.swift */ = {isa = PBXFileReference; fileEncoding = 4; lastKnownFileType = sourcecode.swift; path = Pagination.swift; sourceTree = "<group>"; };
		2F60CD0C2A635C7500B70ED1 /* Size.swift */ = {isa = PBXFileReference; fileEncoding = 4; lastKnownFileType = sourcecode.swift; path = Size.swift; sourceTree = "<group>"; };
		2F60CD1D2A635C9000B70ED1 /* Organization.swift */ = {isa = PBXFileReference; fileEncoding = 4; lastKnownFileType = sourcecode.swift; path = Organization.swift; sourceTree = "<group>"; };
		2F60CD202A635CAD00B70ED1 /* User.swift */ = {isa = PBXFileReference; fileEncoding = 4; lastKnownFileType = sourcecode.swift; path = User.swift; sourceTree = "<group>"; };
		2F60CD222A635D7200B70ED1 /* AnimalsMock.swift */ = {isa = PBXFileReference; lastKnownFileType = sourcecode.swift; path = AnimalsMock.swift; sourceTree = "<group>"; };
		2F60CD252A635FB300B70ED1 /* AnimalsMock.json */ = {isa = PBXFileReference; fileEncoding = 4; lastKnownFileType = text.json; path = AnimalsMock.json; sourceTree = "<group>"; };
		2F6A4B172B6CD07A00050198 /* APIManagerMock.swift */ = {isa = PBXFileReference; lastKnownFileType = sourcecode.swift; path = APIManagerMock.swift; sourceTree = "<group>"; };
		2F6A4B1A2B6CD16D00050198 /* AccessTokenTestHelper.swift */ = {isa = PBXFileReference; lastKnownFileType = sourcecode.swift; path = AccessTokenTestHelper.swift; sourceTree = "<group>"; };
		2F6A4B1C2B6CD2D500050198 /* AnimalsRequestMock.swift */ = {isa = PBXFileReference; lastKnownFileType = sourcecode.swift; path = AnimalsRequestMock.swift; sourceTree = "<group>"; };
		2F6A4B1E2B6CD37600050198 /* RequestManagerTest.swift */ = {isa = PBXFileReference; lastKnownFileType = sourcecode.swift; path = RequestManagerTest.swift; sourceTree = "<group>"; };
		2F7321432A4A1604007F36E0 /* BaseProject.app */ = {isa = PBXFileReference; explicitFileType = wrapper.application; includeInIndex = 0; path = BaseProject.app; sourceTree = BUILT_PRODUCTS_DIR; };
		2F7321462A4A1604007F36E0 /* BaseProjectApp.swift */ = {isa = PBXFileReference; lastKnownFileType = sourcecode.swift; path = BaseProjectApp.swift; sourceTree = "<group>"; };
		2F7321482A4A1604007F36E0 /* ContentView.swift */ = {isa = PBXFileReference; lastKnownFileType = sourcecode.swift; path = ContentView.swift; sourceTree = "<group>"; };
		2F73214A2A4A1605007F36E0 /* Assets.xcassets */ = {isa = PBXFileReference; lastKnownFileType = folder.assetcatalog; path = Assets.xcassets; sourceTree = "<group>"; };
		2F73214D2A4A1605007F36E0 /* Preview Assets.xcassets */ = {isa = PBXFileReference; lastKnownFileType = folder.assetcatalog; path = "Preview Assets.xcassets"; sourceTree = "<group>"; };
		2F73215C2A4A1643007F36E0 /* APIToken.swift */ = {isa = PBXFileReference; fileEncoding = 4; lastKnownFileType = sourcecode.swift; path = APIToken.swift; sourceTree = "<group>"; };
		2F73215E2A4A164F007F36E0 /* APIConstants.swift */ = {isa = PBXFileReference; fileEncoding = 4; lastKnownFileType = sourcecode.swift; path = APIConstants.swift; sourceTree = "<group>"; };
		2F7321602A4A165A007F36E0 /* RequestType.swift */ = {isa = PBXFileReference; lastKnownFileType = sourcecode.swift; path = RequestType.swift; sourceTree = "<group>"; };
		2F7321622A4A1668007F36E0 /* RequestProtocol.swift */ = {isa = PBXFileReference; lastKnownFileType = sourcecode.swift; path = RequestProtocol.swift; sourceTree = "<group>"; };
		2F7321652A4A1B2A007F36E0 /* NetworkError.swift */ = {isa = PBXFileReference; lastKnownFileType = sourcecode.swift; path = NetworkError.swift; sourceTree = "<group>"; };
		2F7321672A4A21E7007F36E0 /* AnimalRequest.swift */ = {isa = PBXFileReference; lastKnownFileType = sourcecode.swift; path = AnimalRequest.swift; sourceTree = "<group>"; };
		2F73216B2A4A2ADE007F36E0 /* AuthTokenRequest.swift */ = {isa = PBXFileReference; lastKnownFileType = sourcecode.swift; path = AuthTokenRequest.swift; sourceTree = "<group>"; };
		2F73216D2A4A2E21007F36E0 /* AppUserDefaultsKeys.swift */ = {isa = PBXFileReference; lastKnownFileType = sourcecode.swift; path = AppUserDefaultsKeys.swift; sourceTree = "<group>"; };
		2F7321732A4A302F007F36E0 /* DataParser.swift */ = {isa = PBXFileReference; lastKnownFileType = sourcecode.swift; path = DataParser.swift; sourceTree = "<group>"; };
		2F7321752A4A369F007F36E0 /* RequestManager.swift */ = {isa = PBXFileReference; lastKnownFileType = sourcecode.swift; path = RequestManager.swift; sourceTree = "<group>"; };
		2F7321772A4A36B7007F36E0 /* APIManager.swift */ = {isa = PBXFileReference; lastKnownFileType = sourcecode.swift; path = APIManager.swift; sourceTree = "<group>"; };
		2FC732562BFAB86D00AC251C /* PetSave.xcdatamodel */ = {isa = PBXFileReference; lastKnownFileType = wrapper.xcdatamodel; path = PetSave.xcdatamodel; sourceTree = "<group>"; };
		2FC732592BFACE4C00AC251C /* Animal+CoreData.swift */ = {isa = PBXFileReference; lastKnownFileType = sourcecode.swift; path = "Animal+CoreData.swift"; sourceTree = "<group>"; };
		2FE1C4E22A7E185C00382A53 /* AnimalsNearYouView.swift */ = {isa = PBXFileReference; lastKnownFileType = sourcecode.swift; path = AnimalsNearYouView.swift; sourceTree = "<group>"; };
		2FE485352AE7952500101EF0 /* BaseProjectTests.xctest */ = {isa = PBXFileReference; explicitFileType = wrapper.cfbundle; includeInIndex = 0; path = BaseProjectTests.xctest; sourceTree = BUILT_PRODUCTS_DIR; };
		2FE485372AE7952500101EF0 /* BaseProjectTests.swift */ = {isa = PBXFileReference; lastKnownFileType = sourcecode.swift; path = BaseProjectTests.swift; sourceTree = "<group>"; };
		2FF291422AA794EE0002176B /* AnimalRow.swift */ = {isa = PBXFileReference; lastKnownFileType = sourcecode.swift; path = AnimalRow.swift; sourceTree = "<group>"; };
		2FF291452AA7B2180002176B /* AccessTokenManager.swift */ = {isa = PBXFileReference; lastKnownFileType = sourcecode.swift; path = AccessTokenManager.swift; sourceTree = "<group>"; };
/* End PBXFileReference section */

/* Begin PBXFrameworksBuildPhase section */
		2F7321402A4A1604007F36E0 /* Frameworks */ = {
			isa = PBXFrameworksBuildPhase;
			buildActionMask = 2147483647;
			files = (
			);
			runOnlyForDeploymentPostprocessing = 0;
		};
		2FE485322AE7952500101EF0 /* Frameworks */ = {
			isa = PBXFrameworksBuildPhase;
			buildActionMask = 2147483647;
			files = (
			);
			runOnlyForDeploymentPostprocessing = 0;
		};
/* End PBXFrameworksBuildPhase section */

/* Begin PBXGroup section */
		2F60CCF92A635C3500B70ED1 /* model */ = {
			isa = PBXGroup;
			children = (
				2F60CCFA2A635C3D00B70ED1 /* animal */,
				2F60CD1F2A635CA500B70ED1 /* user */,
				2F60CD1C2A635C8000B70ED1 /* organization */,
			);
			path = model;
			sourceTree = "<group>";
		};
		2F60CCFA2A635C3D00B70ED1 /* animal */ = {
			isa = PBXGroup;
			children = (
				2F60CCFB2A635C4A00B70ED1 /* details */,
				2F60CD032A635C7400B70ED1 /* AdoptionStatus.swift */,
				2F60CD022A635C7400B70ED1 /* Age.swift */,
				2F60CD042A635C7400B70ED1 /* Animal.swift */,
				2F60CD0A2A635C7500B70ED1 /* AnimalAttributes.swift */,
				2F60CCFF2A635C7400B70ED1 /* AnimalEnvironment.swift */,
				2F60CD002A635C7400B70ED1 /* AnimalsContainer.swift */,
				2F60CD012A635C7400B70ED1 /* APIColors.swift */,
				2F60CD052A635C7500B70ED1 /* Breed.swift */,
				2F60CCFE2A635C7400B70ED1 /* Coat.swift */,
				2F60CD072A635C7500B70ED1 /* Gender.swift */,
				2F60CD0B2A635C7500B70ED1 /* Pagination.swift */,
				2F60CD062A635C7500B70ED1 /* PhotoSizes.swift */,
				2F60CD0C2A635C7500B70ED1 /* Size.swift */,
				2F60CD082A635C7500B70ED1 /* VideoLink.swift */,
				2F60CD222A635D7200B70ED1 /* AnimalsMock.swift */,
			);
			path = animal;
			sourceTree = "<group>";
		};
		2F60CCFB2A635C4A00B70ED1 /* details */ = {
			isa = PBXGroup;
			children = (
				2F60CCFC2A635C5E00B70ED1 /* Details.swift */,
			);
			path = details;
			sourceTree = "<group>";
		};
		2F60CD1C2A635C8000B70ED1 /* organization */ = {
			isa = PBXGroup;
			children = (
				2F60CD1D2A635C9000B70ED1 /* Organization.swift */,
			);
			path = organization;
			sourceTree = "<group>";
		};
		2F60CD1F2A635CA500B70ED1 /* user */ = {
			isa = PBXGroup;
			children = (
				2F60CD202A635CAD00B70ED1 /* User.swift */,
			);
			path = user;
			sourceTree = "<group>";
		};
		2F6A4B122B6CD04300050198 /* Tests */ = {
			isa = PBXGroup;
			children = (
				2F6A4B132B6CD04D00050198 /* Core */,
			);
			path = Tests;
			sourceTree = "<group>";
		};
		2F6A4B132B6CD04D00050198 /* Core */ = {
			isa = PBXGroup;
			children = (
				2F6A4B142B6CD05800050198 /* data */,
			);
			path = Core;
			sourceTree = "<group>";
		};
		2F6A4B142B6CD05800050198 /* data */ = {
			isa = PBXGroup;
			children = (
				2F6A4B152B6CD06000050198 /* api */,
			);
			path = data;
			sourceTree = "<group>";
		};
		2F6A4B152B6CD06000050198 /* api */ = {
			isa = PBXGroup;
			children = (
				2F6A4B192B6CD14E00050198 /* helper */,
				2F6A4B162B6CD06700050198 /* mock */,
				2F6A4B1E2B6CD37600050198 /* RequestManagerTest.swift */,
				2F4B84462BC215D20047ABDD /* AccessTokenManagerTests.swift */,
			);
			path = api;
			sourceTree = "<group>";
		};
		2F6A4B162B6CD06700050198 /* mock */ = {
			isa = PBXGroup;
			children = (
				2F6A4B172B6CD07A00050198 /* APIManagerMock.swift */,
				2F6A4B1C2B6CD2D500050198 /* AnimalsRequestMock.swift */,
			);
			path = mock;
			sourceTree = "<group>";
		};
		2F6A4B192B6CD14E00050198 /* helper */ = {
			isa = PBXGroup;
			children = (
				2F6A4B1A2B6CD16D00050198 /* AccessTokenTestHelper.swift */,
			);
			path = helper;
			sourceTree = "<group>";
		};
		2F73213A2A4A1604007F36E0 = {
			isa = PBXGroup;
			children = (
				2F7321452A4A1604007F36E0 /* BaseProject */,
				2FE485362AE7952500101EF0 /* BaseProjectTests */,
				2F7321442A4A1604007F36E0 /* Products */,
			);
			sourceTree = "<group>";
		};
		2F7321442A4A1604007F36E0 /* Products */ = {
			isa = PBXGroup;
			children = (
				2F7321432A4A1604007F36E0 /* BaseProject.app */,
				2FE485352AE7952500101EF0 /* BaseProjectTests.xctest */,
			);
			name = Products;
			sourceTree = "<group>";
		};
		2F7321452A4A1604007F36E0 /* BaseProject */ = {
			isa = PBXGroup;
			children = (
				2F7321542A4A160C007F36E0 /* Core */,
				2FE1C4E02A7E181400382A53 /* AnimalsNearYou */,
				2F7321462A4A1604007F36E0 /* BaseProjectApp.swift */,
				2F7321482A4A1604007F36E0 /* ContentView.swift */,
				2F73214A2A4A1605007F36E0 /* Assets.xcassets */,
				2F73214C2A4A1605007F36E0 /* Preview Content */,
			);
			path = BaseProject;
			sourceTree = "<group>";
		};
		2F73214C2A4A1605007F36E0 /* Preview Content */ = {
			isa = PBXGroup;
			children = (
				2F73214D2A4A1605007F36E0 /* Preview Assets.xcassets */,
				2F60CD252A635FB300B70ED1 /* AnimalsMock.json */,
			);
			path = "Preview Content";
			sourceTree = "<group>";
		};
		2F7321542A4A160C007F36E0 /* Core */ = {
			isa = PBXGroup;
			children = (
				2F7321572A4A161E007F36E0 /* data */,
				2F7321562A4A1619007F36E0 /* domain */,
				2F7321552A4A1612007F36E0 /* utils */,
			);
			path = Core;
			sourceTree = "<group>";
		};
		2F7321552A4A1612007F36E0 /* utils */ = {
			isa = PBXGroup;
			children = (
				2F73216D2A4A2E21007F36E0 /* AppUserDefaultsKeys.swift */,
			);
			path = utils;
			sourceTree = "<group>";
		};
		2F7321562A4A1619007F36E0 /* domain */ = {
			isa = PBXGroup;
			children = (
				2F60CCF92A635C3500B70ED1 /* model */,
			);
			path = domain;
			sourceTree = "<group>";
		};
		2F7321572A4A161E007F36E0 /* data */ = {
			isa = PBXGroup;
			children = (
				2FC732542BFAB82300AC251C /* coreData */,
				2F7321592A4A162C007F36E0 /* api */,
				2F73215E2A4A164F007F36E0 /* APIConstants.swift */,
			);
			path = data;
			sourceTree = "<group>";
		};
		2F7321592A4A162C007F36E0 /* api */ = {
			isa = PBXGroup;
			children = (
				2FF291442AA7B1FD0002176B /* token */,
				2F7321702A4A2E86007F36E0 /* parser */,
				2F7321642A4A1B16007F36E0 /* network */,
				2F73215B2A4A1637007F36E0 /* model */,
				2F7321692A4A2A9B007F36E0 /* request */,
			);
			path = api;
			sourceTree = "<group>";
		};
		2F73215A2A4A1633007F36E0 /* auth */ = {
			isa = PBXGroup;
			children = (
				2F73216B2A4A2ADE007F36E0 /* AuthTokenRequest.swift */,
			);
			path = auth;
			sourceTree = "<group>";
		};
		2F73215B2A4A1637007F36E0 /* model */ = {
			isa = PBXGroup;
			children = (
				2F73215C2A4A1643007F36E0 /* APIToken.swift */,
			);
			path = model;
			sourceTree = "<group>";
		};
		2F7321642A4A1B16007F36E0 /* network */ = {
			isa = PBXGroup;
			children = (
				2F7321652A4A1B2A007F36E0 /* NetworkError.swift */,
				2F7321752A4A369F007F36E0 /* RequestManager.swift */,
				2F7321772A4A36B7007F36E0 /* APIManager.swift */,
			);
			path = network;
			sourceTree = "<group>";
		};
		2F7321692A4A2A9B007F36E0 /* request */ = {
			isa = PBXGroup;
			children = (
				2F73216A2A4A2ACE007F36E0 /* animals */,
				2F73215A2A4A1633007F36E0 /* auth */,
				2F7321602A4A165A007F36E0 /* RequestType.swift */,
				2F7321622A4A1668007F36E0 /* RequestProtocol.swift */,
			);
			path = request;
			sourceTree = "<group>";
		};
		2F73216A2A4A2ACE007F36E0 /* animals */ = {
			isa = PBXGroup;
			children = (
				2F7321672A4A21E7007F36E0 /* AnimalRequest.swift */,
			);
			path = animals;
			sourceTree = "<group>";
		};
		2F7321702A4A2E86007F36E0 /* parser */ = {
			isa = PBXGroup;
			children = (
				2F7321732A4A302F007F36E0 /* DataParser.swift */,
			);
			path = parser;
			sourceTree = "<group>";
		};
		2FC732542BFAB82300AC251C /* coreData */ = {
			isa = PBXGroup;
			children = (
				2FC732582BFACE3B00AC251C /* extensions */,
				2FC732552BFAB86D00AC251C /* PetSave.xcdatamodeld */,
			);
			path = coreData;
			sourceTree = "<group>";
		};
		2FC732582BFACE3B00AC251C /* extensions */ = {
			isa = PBXGroup;
			children = (
				2FC732592BFACE4C00AC251C /* Animal+CoreData.swift */,
			);
			path = extensions;
			sourceTree = "<group>";
		};
		2FE1C4E02A7E181400382A53 /* AnimalsNearYou */ = {
			isa = PBXGroup;
			children = (
				2FE1C4E12A7E183800382A53 /* views */,
			);
			name = AnimalsNearYou;
			sourceTree = "<group>";
		};
		2FE1C4E12A7E183800382A53 /* views */ = {
			isa = PBXGroup;
			children = (
				2FE1C4E22A7E185C00382A53 /* AnimalsNearYouView.swift */,
				2FF291422AA794EE0002176B /* AnimalRow.swift */,
			);
			path = views;
			sourceTree = "<group>";
		};
		2FE485362AE7952500101EF0 /* BaseProjectTests */ = {
			isa = PBXGroup;
			children = (
				2F6A4B122B6CD04300050198 /* Tests */,
				2FE485372AE7952500101EF0 /* BaseProjectTests.swift */,
			);
			path = BaseProjectTests;
			sourceTree = "<group>";
		};
		2FF291442AA7B1FD0002176B /* token */ = {
			isa = PBXGroup;
			children = (
				2FF291452AA7B2180002176B /* AccessTokenManager.swift */,
			);
			name = token;
			sourceTree = "<group>";
		};
/* End PBXGroup section */

/* Begin PBXNativeTarget section */
		2F7321422A4A1604007F36E0 /* BaseProject */ = {
			isa = PBXNativeTarget;
			buildConfigurationList = 2F7321512A4A1605007F36E0 /* Build configuration list for PBXNativeTarget "BaseProject" */;
			buildPhases = (
				2F73213F2A4A1604007F36E0 /* Sources */,
				2F7321402A4A1604007F36E0 /* Frameworks */,
				2F7321412A4A1604007F36E0 /* Resources */,
			);
			buildRules = (
			);
			dependencies = (
			);
			name = BaseProject;
			productName = BaseProject;
			productReference = 2F7321432A4A1604007F36E0 /* BaseProject.app */;
			productType = "com.apple.product-type.application";
		};
		2FE485342AE7952500101EF0 /* BaseProjectTests */ = {
			isa = PBXNativeTarget;
			buildConfigurationList = 2FE4853B2AE7952500101EF0 /* Build configuration list for PBXNativeTarget "BaseProjectTests" */;
			buildPhases = (
				2FE485312AE7952500101EF0 /* Sources */,
				2FE485322AE7952500101EF0 /* Frameworks */,
				2FE485332AE7952500101EF0 /* Resources */,
			);
			buildRules = (
			);
			dependencies = (
				2FE4853A2AE7952500101EF0 /* PBXTargetDependency */,
			);
			name = BaseProjectTests;
			productName = BaseProjectTests;
			productReference = 2FE485352AE7952500101EF0 /* BaseProjectTests.xctest */;
			productType = "com.apple.product-type.bundle.unit-test";
		};
/* End PBXNativeTarget section */

/* Begin PBXProject section */
		2F73213B2A4A1604007F36E0 /* Project object */ = {
			isa = PBXProject;
			attributes = {
				BuildIndependentTargetsInParallel = 1;
				LastSwiftUpdateCheck = 1420;
				LastUpgradeCheck = 1520;
				TargetAttributes = {
					2F7321422A4A1604007F36E0 = {
						CreatedOnToolsVersion = 14.2;
					};
					2FE485342AE7952500101EF0 = {
						CreatedOnToolsVersion = 14.2;
						TestTargetID = 2F7321422A4A1604007F36E0;
					};
				};
			};
			buildConfigurationList = 2F73213E2A4A1604007F36E0 /* Build configuration list for PBXProject "BaseProject" */;
			compatibilityVersion = "Xcode 14.0";
			developmentRegion = en;
			hasScannedForEncodings = 0;
			knownRegions = (
				en,
				Base,
			);
			mainGroup = 2F73213A2A4A1604007F36E0;
			productRefGroup = 2F7321442A4A1604007F36E0 /* Products */;
			projectDirPath = "";
			projectRoot = "";
			targets = (
				2F7321422A4A1604007F36E0 /* BaseProject */,
				2FE485342AE7952500101EF0 /* BaseProjectTests */,
			);
		};
/* End PBXProject section */

/* Begin PBXResourcesBuildPhase section */
		2F7321412A4A1604007F36E0 /* Resources */ = {
			isa = PBXResourcesBuildPhase;
			buildActionMask = 2147483647;
			files = (
				2F73214E2A4A1605007F36E0 /* Preview Assets.xcassets in Resources */,
				2F73214B2A4A1605007F36E0 /* Assets.xcassets in Resources */,
				2F60CD262A635FB300B70ED1 /* AnimalsMock.json in Resources */,
			);
			runOnlyForDeploymentPostprocessing = 0;
		};
		2FE485332AE7952500101EF0 /* Resources */ = {
			isa = PBXResourcesBuildPhase;
			buildActionMask = 2147483647;
			files = (
			);
			runOnlyForDeploymentPostprocessing = 0;
		};
/* End PBXResourcesBuildPhase section */

/* Begin PBXSourcesBuildPhase section */
		2F73213F2A4A1604007F36E0 /* Sources */ = {
			isa = PBXSourcesBuildPhase;
			buildActionMask = 2147483647;
			files = (
				2F73215F2A4A164F007F36E0 /* APIConstants.swift in Sources */,
				2FF291432AA794EE0002176B /* AnimalRow.swift in Sources */,
				2F60CD152A635C7500B70ED1 /* PhotoSizes.swift in Sources */,
				2F7321682A4A21E7007F36E0 /* AnimalRequest.swift in Sources */,
				2F7321762A4A369F007F36E0 /* RequestManager.swift in Sources */,
				2F60CD212A635CAD00B70ED1 /* User.swift in Sources */,
				2F60CD112A635C7500B70ED1 /* Age.swift in Sources */,
				2F7321742A4A302F007F36E0 /* DataParser.swift in Sources */,
				2F60CD0D2A635C7500B70ED1 /* Coat.swift in Sources */,
				2FC732572BFAB86D00AC251C /* PetSave.xcdatamodeld in Sources */,
				2F73216E2A4A2E21007F36E0 /* AppUserDefaultsKeys.swift in Sources */,
				2F7321662A4A1B2A007F36E0 /* NetworkError.swift in Sources */,
				2F60CD192A635C7500B70ED1 /* AnimalAttributes.swift in Sources */,
				2F60CD1B2A635C7500B70ED1 /* Size.swift in Sources */,
				2F60CCFD2A635C5E00B70ED1 /* Details.swift in Sources */,
				2F7321782A4A36B7007F36E0 /* APIManager.swift in Sources */,
				2FC7325A2BFACE4C00AC251C /* Animal+CoreData.swift in Sources */,
				2F60CD142A635C7500B70ED1 /* Breed.swift in Sources */,
				2F60CD162A635C7500B70ED1 /* Gender.swift in Sources */,
				2F60CD0E2A635C7500B70ED1 /* AnimalEnvironment.swift in Sources */,
				2F60CD132A635C7500B70ED1 /* Animal.swift in Sources */,
				2F60CD1A2A635C7500B70ED1 /* Pagination.swift in Sources */,
				2F60CD0F2A635C7500B70ED1 /* AnimalsContainer.swift in Sources */,
				2F7321492A4A1604007F36E0 /* ContentView.swift in Sources */,
				2F60CD122A635C7500B70ED1 /* AdoptionStatus.swift in Sources */,
				2FE1C4E32A7E185C00382A53 /* AnimalsNearYouView.swift in Sources */,
				2F73216C2A4A2ADE007F36E0 /* AuthTokenRequest.swift in Sources */,
				2F73215D2A4A1643007F36E0 /* APIToken.swift in Sources */,
				2F60CD102A635C7500B70ED1 /* APIColors.swift in Sources */,
				2FF291462AA7B2180002176B /* AccessTokenManager.swift in Sources */,
				2F60CD172A635C7500B70ED1 /* VideoLink.swift in Sources */,
				2F60CD232A635D7200B70ED1 /* AnimalsMock.swift in Sources */,
				2F7321632A4A1668007F36E0 /* RequestProtocol.swift in Sources */,
				2F7321472A4A1604007F36E0 /* BaseProjectApp.swift in Sources */,
				2F60CD1E2A635C9000B70ED1 /* Organization.swift in Sources */,
				2F7321612A4A165A007F36E0 /* RequestType.swift in Sources */,
			);
			runOnlyForDeploymentPostprocessing = 0;
		};
		2FE485312AE7952500101EF0 /* Sources */ = {
			isa = PBXSourcesBuildPhase;
			buildActionMask = 2147483647;
			files = (
				2F6A4B1B2B6CD16D00050198 /* AccessTokenTestHelper.swift in Sources */,
				2F4B84472BC215D20047ABDD /* AccessTokenManagerTests.swift in Sources */,
				2F6A4B182B6CD07A00050198 /* APIManagerMock.swift in Sources */,
				2F6A4B1F2B6CD37600050198 /* RequestManagerTest.swift in Sources */,
				2FE485382AE7952500101EF0 /* BaseProjectTests.swift in Sources */,
				2F6A4B1D2B6CD2D500050198 /* AnimalsRequestMock.swift in Sources */,
			);
			runOnlyForDeploymentPostprocessing = 0;
		};
/* End PBXSourcesBuildPhase section */

/* Begin PBXTargetDependency section */
		2FE4853A2AE7952500101EF0 /* PBXTargetDependency */ = {
			isa = PBXTargetDependency;
			target = 2F7321422A4A1604007F36E0 /* BaseProject */;
			targetProxy = 2FE485392AE7952500101EF0 /* PBXContainerItemProxy */;
		};
/* End PBXTargetDependency section */

/* Begin XCBuildConfiguration section */
		2F73214F2A4A1605007F36E0 /* Debug */ = {
			isa = XCBuildConfiguration;
			buildSettings = {
				ALWAYS_SEARCH_USER_PATHS = NO;
				CLANG_ANALYZER_NONNULL = YES;
				CLANG_ANALYZER_NUMBER_OBJECT_CONVERSION = YES_AGGRESSIVE;
				CLANG_CXX_LANGUAGE_STANDARD = "gnu++20";
				CLANG_ENABLE_MODULES = YES;
				CLANG_ENABLE_OBJC_ARC = YES;
				CLANG_ENABLE_OBJC_WEAK = YES;
				CLANG_WARN_BLOCK_CAPTURE_AUTORELEASING = YES;
				CLANG_WARN_BOOL_CONVERSION = YES;
				CLANG_WARN_COMMA = YES;
				CLANG_WARN_CONSTANT_CONVERSION = YES;
				CLANG_WARN_DEPRECATED_OBJC_IMPLEMENTATIONS = YES;
				CLANG_WARN_DIRECT_OBJC_ISA_USAGE = YES_ERROR;
				CLANG_WARN_DOCUMENTATION_COMMENTS = YES;
				CLANG_WARN_EMPTY_BODY = YES;
				CLANG_WARN_ENUM_CONVERSION = YES;
				CLANG_WARN_INFINITE_RECURSION = YES;
				CLANG_WARN_INT_CONVERSION = YES;
				CLANG_WARN_NON_LITERAL_NULL_CONVERSION = YES;
				CLANG_WARN_OBJC_IMPLICIT_RETAIN_SELF = YES;
				CLANG_WARN_OBJC_LITERAL_CONVERSION = YES;
				CLANG_WARN_OBJC_ROOT_CLASS = YES_ERROR;
				CLANG_WARN_QUOTED_INCLUDE_IN_FRAMEWORK_HEADER = YES;
				CLANG_WARN_RANGE_LOOP_ANALYSIS = YES;
				CLANG_WARN_STRICT_PROTOTYPES = YES;
				CLANG_WARN_SUSPICIOUS_MOVE = YES;
				CLANG_WARN_UNGUARDED_AVAILABILITY = YES_AGGRESSIVE;
				CLANG_WARN_UNREACHABLE_CODE = YES;
				CLANG_WARN__DUPLICATE_METHOD_MATCH = YES;
				COPY_PHASE_STRIP = NO;
				DEBUG_INFORMATION_FORMAT = dwarf;
				ENABLE_STRICT_OBJC_MSGSEND = YES;
				ENABLE_TESTABILITY = YES;
				ENABLE_USER_SCRIPT_SANDBOXING = YES;
				GCC_C_LANGUAGE_STANDARD = gnu11;
				GCC_DYNAMIC_NO_PIC = NO;
				GCC_NO_COMMON_BLOCKS = YES;
				GCC_OPTIMIZATION_LEVEL = 0;
				GCC_PREPROCESSOR_DEFINITIONS = (
					"DEBUG=1",
					"$(inherited)",
				);
				GCC_WARN_64_TO_32_BIT_CONVERSION = YES;
				GCC_WARN_ABOUT_RETURN_TYPE = YES_ERROR;
				GCC_WARN_UNDECLARED_SELECTOR = YES;
				GCC_WARN_UNINITIALIZED_AUTOS = YES_AGGRESSIVE;
				GCC_WARN_UNUSED_FUNCTION = YES;
				GCC_WARN_UNUSED_VARIABLE = YES;
				IPHONEOS_DEPLOYMENT_TARGET = 16.2;
				MOMC_NO_INVERSE_RELATIONSHIP_WARNINGS = NO;
				MOMC_SUPPRESS_INVERSE_TRANSIENT_ERROR = NO;
				MTL_ENABLE_DEBUG_INFO = INCLUDE_SOURCE;
				MTL_FAST_MATH = YES;
				ONLY_ACTIVE_ARCH = YES;
				SDKROOT = iphoneos;
				SWIFT_ACTIVE_COMPILATION_CONDITIONS = DEBUG;
				SWIFT_OPTIMIZATION_LEVEL = "-Onone";
			};
			name = Debug;
		};
		2F7321502A4A1605007F36E0 /* Release */ = {
			isa = XCBuildConfiguration;
			buildSettings = {
				ALWAYS_SEARCH_USER_PATHS = NO;
				CLANG_ANALYZER_NONNULL = YES;
				CLANG_ANALYZER_NUMBER_OBJECT_CONVERSION = YES_AGGRESSIVE;
				CLANG_CXX_LANGUAGE_STANDARD = "gnu++20";
				CLANG_ENABLE_MODULES = YES;
				CLANG_ENABLE_OBJC_ARC = YES;
				CLANG_ENABLE_OBJC_WEAK = YES;
				CLANG_WARN_BLOCK_CAPTURE_AUTORELEASING = YES;
				CLANG_WARN_BOOL_CONVERSION = YES;
				CLANG_WARN_COMMA = YES;
				CLANG_WARN_CONSTANT_CONVERSION = YES;
				CLANG_WARN_DEPRECATED_OBJC_IMPLEMENTATIONS = YES;
				CLANG_WARN_DIRECT_OBJC_ISA_USAGE = YES_ERROR;
				CLANG_WARN_DOCUMENTATION_COMMENTS = YES;
				CLANG_WARN_EMPTY_BODY = YES;
				CLANG_WARN_ENUM_CONVERSION = YES;
				CLANG_WARN_INFINITE_RECURSION = YES;
				CLANG_WARN_INT_CONVERSION = YES;
				CLANG_WARN_NON_LITERAL_NULL_CONVERSION = YES;
				CLANG_WARN_OBJC_IMPLICIT_RETAIN_SELF = YES;
				CLANG_WARN_OBJC_LITERAL_CONVERSION = YES;
				CLANG_WARN_OBJC_ROOT_CLASS = YES_ERROR;
				CLANG_WARN_QUOTED_INCLUDE_IN_FRAMEWORK_HEADER = YES;
				CLANG_WARN_RANGE_LOOP_ANALYSIS = YES;
				CLANG_WARN_STRICT_PROTOTYPES = YES;
				CLANG_WARN_SUSPICIOUS_MOVE = YES;
				CLANG_WARN_UNGUARDED_AVAILABILITY = YES_AGGRESSIVE;
				CLANG_WARN_UNREACHABLE_CODE = YES;
				CLANG_WARN__DUPLICATE_METHOD_MATCH = YES;
				COPY_PHASE_STRIP = NO;
				DEBUG_INFORMATION_FORMAT = "dwarf-with-dsym";
				ENABLE_NS_ASSERTIONS = NO;
				ENABLE_STRICT_OBJC_MSGSEND = YES;
				ENABLE_USER_SCRIPT_SANDBOXING = YES;
				GCC_C_LANGUAGE_STANDARD = gnu11;
				GCC_NO_COMMON_BLOCKS = YES;
				GCC_WARN_64_TO_32_BIT_CONVERSION = YES;
				GCC_WARN_ABOUT_RETURN_TYPE = YES_ERROR;
				GCC_WARN_UNDECLARED_SELECTOR = YES;
				GCC_WARN_UNINITIALIZED_AUTOS = YES_AGGRESSIVE;
				GCC_WARN_UNUSED_FUNCTION = YES;
				GCC_WARN_UNUSED_VARIABLE = YES;
				IPHONEOS_DEPLOYMENT_TARGET = 16.2;
				MOMC_NO_INVERSE_RELATIONSHIP_WARNINGS = NO;
				MOMC_SUPPRESS_INVERSE_TRANSIENT_ERROR = NO;
				MTL_ENABLE_DEBUG_INFO = NO;
				MTL_FAST_MATH = YES;
				SDKROOT = iphoneos;
				SWIFT_COMPILATION_MODE = wholemodule;
				SWIFT_OPTIMIZATION_LEVEL = "-O";
				VALIDATE_PRODUCT = YES;
			};
			name = Release;
		};
		2F7321522A4A1605007F36E0 /* Debug */ = {
			isa = XCBuildConfiguration;
			buildSettings = {
				ASSETCATALOG_COMPILER_APPICON_NAME = AppIcon;
				ASSETCATALOG_COMPILER_GLOBAL_ACCENT_COLOR_NAME = AccentColor;
				CODE_SIGN_STYLE = Automatic;
				CURRENT_PROJECT_VERSION = 1;
				DEVELOPMENT_ASSET_PATHS = "\"BaseProject/Preview Content\"";
				DEVELOPMENT_TEAM = FKWU8C647U;
				ENABLE_PREVIEWS = YES;
				GENERATE_INFOPLIST_FILE = YES;
				INFOPLIST_KEY_UIApplicationSceneManifest_Generation = YES;
				INFOPLIST_KEY_UIApplicationSupportsIndirectInputEvents = YES;
				INFOPLIST_KEY_UILaunchScreen_Generation = YES;
				INFOPLIST_KEY_UISupportedInterfaceOrientations_iPad = "UIInterfaceOrientationPortrait UIInterfaceOrientationPortraitUpsideDown UIInterfaceOrientationLandscapeLeft UIInterfaceOrientationLandscapeRight";
				INFOPLIST_KEY_UISupportedInterfaceOrientations_iPhone = "UIInterfaceOrientationPortrait UIInterfaceOrientationLandscapeLeft UIInterfaceOrientationLandscapeRight";
				IPHONEOS_DEPLOYMENT_TARGET = 15.0;
				LD_RUNPATH_SEARCH_PATHS = (
					"$(inherited)",
					"@executable_path/Frameworks",
				);
				MARKETING_VERSION = 1.0;
				PRODUCT_BUNDLE_IDENTIFIER = tynguyen.example.BaseProject;
				PRODUCT_NAME = "$(TARGET_NAME)";
				SUPPORTED_PLATFORMS = "iphoneos iphonesimulator";
				SUPPORTS_MACCATALYST = NO;
				SUPPORTS_MAC_DESIGNED_FOR_IPHONE_IPAD = NO;
				SUPPORTS_XR_DESIGNED_FOR_IPHONE_IPAD = NO;
				SWIFT_EMIT_LOC_STRINGS = YES;
				SWIFT_VERSION = 5.0;
				TARGETED_DEVICE_FAMILY = 1;
			};
			name = Debug;
		};
		2F7321532A4A1605007F36E0 /* Release */ = {
			isa = XCBuildConfiguration;
			buildSettings = {
				ASSETCATALOG_COMPILER_APPICON_NAME = AppIcon;
				ASSETCATALOG_COMPILER_GLOBAL_ACCENT_COLOR_NAME = AccentColor;
				CODE_SIGN_STYLE = Automatic;
				CURRENT_PROJECT_VERSION = 1;
				DEVELOPMENT_ASSET_PATHS = "\"BaseProject/Preview Content\"";
				DEVELOPMENT_TEAM = FKWU8C647U;
				ENABLE_PREVIEWS = YES;
				GENERATE_INFOPLIST_FILE = YES;
				INFOPLIST_KEY_UIApplicationSceneManifest_Generation = YES;
				INFOPLIST_KEY_UIApplicationSupportsIndirectInputEvents = YES;
				INFOPLIST_KEY_UILaunchScreen_Generation = YES;
				INFOPLIST_KEY_UISupportedInterfaceOrientations_iPad = "UIInterfaceOrientationPortrait UIInterfaceOrientationPortraitUpsideDown UIInterfaceOrientationLandscapeLeft UIInterfaceOrientationLandscapeRight";
				INFOPLIST_KEY_UISupportedInterfaceOrientations_iPhone = "UIInterfaceOrientationPortrait UIInterfaceOrientationLandscapeLeft UIInterfaceOrientationLandscapeRight";
				IPHONEOS_DEPLOYMENT_TARGET = 15.0;
				LD_RUNPATH_SEARCH_PATHS = (
					"$(inherited)",
					"@executable_path/Frameworks",
				);
				MARKETING_VERSION = 1.0;
				PRODUCT_BUNDLE_IDENTIFIER = tynguyen.example.BaseProject;
				PRODUCT_NAME = "$(TARGET_NAME)";
				SUPPORTED_PLATFORMS = "iphoneos iphonesimulator";
				SUPPORTS_MACCATALYST = NO;
				SUPPORTS_MAC_DESIGNED_FOR_IPHONE_IPAD = NO;
				SUPPORTS_XR_DESIGNED_FOR_IPHONE_IPAD = NO;
				SWIFT_EMIT_LOC_STRINGS = YES;
				SWIFT_VERSION = 5.0;
				TARGETED_DEVICE_FAMILY = 1;
			};
			name = Release;
		};
		2FE4853C2AE7952500101EF0 /* Debug */ = {
			isa = XCBuildConfiguration;
			buildSettings = {
				BUNDLE_LOADER = "$(TEST_HOST)";
				CODE_SIGN_STYLE = Automatic;
				CURRENT_PROJECT_VERSION = 1;
				DEVELOPMENT_TEAM = FKWU8C647U;
				GENERATE_INFOPLIST_FILE = YES;
				MARKETING_VERSION = 1.0;
				PRODUCT_BUNDLE_IDENTIFIER = tynguyen.swiftuilearning.BaseProjectTests;
				PRODUCT_NAME = "$(TARGET_NAME)";
				SWIFT_EMIT_LOC_STRINGS = NO;
				SWIFT_VERSION = 5.0;
				TARGETED_DEVICE_FAMILY = "1,2";
				TEST_HOST = "$(BUILT_PRODUCTS_DIR)/BaseProject.app/$(BUNDLE_EXECUTABLE_FOLDER_PATH)/BaseProject";
			};
			name = Debug;
		};
		2FE4853D2AE7952500101EF0 /* Release */ = {
			isa = XCBuildConfiguration;
			buildSettings = {
				BUNDLE_LOADER = "$(TEST_HOST)";
				CODE_SIGN_STYLE = Automatic;
				CURRENT_PROJECT_VERSION = 1;
				DEVELOPMENT_TEAM = FKWU8C647U;
				GENERATE_INFOPLIST_FILE = YES;
				MARKETING_VERSION = 1.0;
				PRODUCT_BUNDLE_IDENTIFIER = tynguyen.swiftuilearning.BaseProjectTests;
				PRODUCT_NAME = "$(TARGET_NAME)";
				SWIFT_EMIT_LOC_STRINGS = NO;
				SWIFT_VERSION = 5.0;
				TARGETED_DEVICE_FAMILY = "1,2";
				TEST_HOST = "$(BUILT_PRODUCTS_DIR)/BaseProject.app/$(BUNDLE_EXECUTABLE_FOLDER_PATH)/BaseProject";
			};
			name = Release;
		};
/* End XCBuildConfiguration section */

/* Begin XCConfigurationList section */
		2F73213E2A4A1604007F36E0 /* Build configuration list for PBXProject "BaseProject" */ = {
			isa = XCConfigurationList;
			buildConfigurations = (
				2F73214F2A4A1605007F36E0 /* Debug */,
				2F7321502A4A1605007F36E0 /* Release */,
			);
			defaultConfigurationIsVisible = 0;
			defaultConfigurationName = Release;
		};
		2F7321512A4A1605007F36E0 /* Build configuration list for PBXNativeTarget "BaseProject" */ = {
			isa = XCConfigurationList;
			buildConfigurations = (
				2F7321522A4A1605007F36E0 /* Debug */,
				2F7321532A4A1605007F36E0 /* Release */,
			);
			defaultConfigurationIsVisible = 0;
			defaultConfigurationName = Release;
		};
		2FE4853B2AE7952500101EF0 /* Build configuration list for PBXNativeTarget "BaseProjectTests" */ = {
			isa = XCConfigurationList;
			buildConfigurations = (
				2FE4853C2AE7952500101EF0 /* Debug */,
				2FE4853D2AE7952500101EF0 /* Release */,
			);
			defaultConfigurationIsVisible = 0;
			defaultConfigurationName = Release;
		};
/* End XCConfigurationList section */

/* Begin XCVersionGroup section */
		2FC732552BFAB86D00AC251C /* PetSave.xcdatamodeld */ = {
			isa = XCVersionGroup;
			children = (
				2FC732562BFAB86D00AC251C /* PetSave.xcdatamodel */,
			);
			currentVersion = 2FC732562BFAB86D00AC251C /* PetSave.xcdatamodel */;
			path = PetSave.xcdatamodeld;
			sourceTree = "<group>";
			versionGroupType = wrapper.xcdatamodel;
		};
/* End XCVersionGroup section */
	};
	rootObject = 2F73213B2A4A1604007F36E0 /* Project object */;
}
